// !$*UTF8*$!
{
	archiveVersion = 1;
	classes = {
	};
	objectVersion = 46;
	objects = {

/* Begin PBXBuildFile section */
		EED3D9BC180C5CFF00FD5B89 /* Foundation.framework in Frameworks */ = {isa = PBXBuildFile; fileRef = EED3D9BB180C5CFF00FD5B89 /* Foundation.framework */; };
		EED3D9BE180C5CFF00FD5B89 /* CoreGraphics.framework in Frameworks */ = {isa = PBXBuildFile; fileRef = EED3D9BD180C5CFF00FD5B89 /* CoreGraphics.framework */; };
		EED3D9C0180C5CFF00FD5B89 /* UIKit.framework in Frameworks */ = {isa = PBXBuildFile; fileRef = EED3D9BF180C5CFF00FD5B89 /* UIKit.framework */; };
		EED3D9C6180C5CFF00FD5B89 /* InfoPlist.strings in Resources */ = {isa = PBXBuildFile; fileRef = EED3D9C4180C5CFF00FD5B89 /* InfoPlist.strings */; };
		EED3D9C8180C5CFF00FD5B89 /* main.m in Sources */ = {isa = PBXBuildFile; fileRef = EED3D9C7180C5CFF00FD5B89 /* main.m */; };
		EED3D9CC180C5CFF00FD5B89 /* AppDelegate.m in Sources */ = {isa = PBXBuildFile; fileRef = EED3D9CB180C5CFF00FD5B89 /* AppDelegate.m */; };
		EED3D9CF180C5CFF00FD5B89 /* Main.storyboard in Resources */ = {isa = PBXBuildFile; fileRef = EED3D9CD180C5CFF00FD5B89 /* Main.storyboard */; };
		EED3D9D2180C5CFF00FD5B89 /* ViewController.m in Sources */ = {isa = PBXBuildFile; fileRef = EED3D9D1180C5CFF00FD5B89 /* ViewController.m */; };
		EED3D9D4180C5CFF00FD5B89 /* Images.xcassets in Resources */ = {isa = PBXBuildFile; fileRef = EED3D9D3180C5CFF00FD5B89 /* Images.xcassets */; };
		EED3D9DB180C5CFF00FD5B89 /* XCTest.framework in Frameworks */ = {isa = PBXBuildFile; fileRef = EED3D9DA180C5CFF00FD5B89 /* XCTest.framework */; };
		EED3D9DC180C5CFF00FD5B89 /* Foundation.framework in Frameworks */ = {isa = PBXBuildFile; fileRef = EED3D9BB180C5CFF00FD5B89 /* Foundation.framework */; };
		EED3D9DD180C5CFF00FD5B89 /* UIKit.framework in Frameworks */ = {isa = PBXBuildFile; fileRef = EED3D9BF180C5CFF00FD5B89 /* UIKit.framework */; };
		EED3D9E5180C5CFF00FD5B89 /* InfoPlist.strings in Resources */ = {isa = PBXBuildFile; fileRef = EED3D9E3180C5CFF00FD5B89 /* InfoPlist.strings */; };
		EED3D9E7180C5CFF00FD5B89 /* SocialSharingTests.m in Sources */ = {isa = PBXBuildFile; fileRef = EED3D9E6180C5CFF00FD5B89 /* SocialSharingTests.m */; };
		EED3D9F1180C63AE00FD5B89 /* Social.framework in Frameworks */ = {isa = PBXBuildFile; fileRef = EED3D9F0180C63AE00FD5B89 /* Social.framework */; };
/* End PBXBuildFile section */

/* Begin PBXContainerItemProxy section */
		EED3D9DE180C5CFF00FD5B89 /* PBXContainerItemProxy */ = {
			isa = PBXContainerItemProxy;
			containerPortal = EED3D9B0180C5CFF00FD5B89 /* Project object */;
			proxyType = 1;
			remoteGlobalIDString = EED3D9B7180C5CFF00FD5B89;
			remoteInfo = SocialSharing;
		};
/* End PBXContainerItemProxy section */

/* Begin PBXFileReference section */
		EED3D9B8180C5CFF00FD5B89 /* SocialSharing.app */ = {isa = PBXFileReference; explicitFileType = wrapper.application; includeInIndex = 0; path = SocialSharing.app; sourceTree = BUILT_PRODUCTS_DIR; };
		EED3D9BB180C5CFF00FD5B89 /* Foundation.framework */ = {isa = PBXFileReference; lastKnownFileType = wrapper.framework; name = Foundation.framework; path = System/Library/Frameworks/Foundation.framework; sourceTree = SDKROOT; };
		EED3D9BD180C5CFF00FD5B89 /* CoreGraphics.framework */ = {isa = PBXFileReference; lastKnownFileType = wrapper.framework; name = CoreGraphics.framework; path = System/Library/Frameworks/CoreGraphics.framework; sourceTree = SDKROOT; };
		EED3D9BF180C5CFF00FD5B89 /* UIKit.framework */ = {isa = PBXFileReference; lastKnownFileType = wrapper.framework; name = UIKit.framework; path = System/Library/Frameworks/UIKit.framework; sourceTree = SDKROOT; };
		EED3D9C3180C5CFF00FD5B89 /* SocialSharing-Info.plist */ = {isa = PBXFileReference; lastKnownFileType = text.plist.xml; path = "SocialSharing-Info.plist"; sourceTree = "<group>"; };
		EED3D9C5180C5CFF00FD5B89 /* en */ = {isa = PBXFileReference; lastKnownFileType = text.plist.strings; name = en; path = en.lproj/InfoPlist.strings; sourceTree = "<group>"; };
		EED3D9C7180C5CFF00FD5B89 /* main.m */ = {isa = PBXFileReference; lastKnownFileType = sourcecode.c.objc; path = main.m; sourceTree = "<group>"; };
		EED3D9C9180C5CFF00FD5B89 /* SocialSharing-Prefix.pch */ = {isa = PBXFileReference; lastKnownFileType = sourcecode.c.h; path = "SocialSharing-Prefix.pch"; sourceTree = "<group>"; };
		EED3D9CA180C5CFF00FD5B89 /* AppDelegate.h */ = {isa = PBXFileReference; lastKnownFileType = sourcecode.c.h; path = AppDelegate.h; sourceTree = "<group>"; };
		EED3D9CB180C5CFF00FD5B89 /* AppDelegate.m */ = {isa = PBXFileReference; lastKnownFileType = sourcecode.c.objc; path = AppDelegate.m; sourceTree = "<group>"; };
		EED3D9CE180C5CFF00FD5B89 /* Base */ = {isa = PBXFileReference; lastKnownFileType = file.storyboard; name = Base; path = Base.lproj/Main.storyboard; sourceTree = "<group>"; };
		EED3D9D0180C5CFF00FD5B89 /* ViewController.h */ = {isa = PBXFileReference; lastKnownFileType = sourcecode.c.h; path = ViewController.h; sourceTree = "<group>"; };
		EED3D9D1180C5CFF00FD5B89 /* ViewController.m */ = {isa = PBXFileReference; lastKnownFileType = sourcecode.c.objc; path = ViewController.m; sourceTree = "<group>"; };
		EED3D9D3180C5CFF00FD5B89 /* Images.xcassets */ = {isa = PBXFileReference; lastKnownFileType = folder.assetcatalog; path = Images.xcassets; sourceTree = "<group>"; };
		EED3D9D9180C5CFF00FD5B89 /* SocialSharingTests.xctest */ = {isa = PBXFileReference; explicitFileType = wrapper.cfbundle; includeInIndex = 0; path = SocialSharingTests.xctest; sourceTree = BUILT_PRODUCTS_DIR; };
		EED3D9DA180C5CFF00FD5B89 /* XCTest.framework */ = {isa = PBXFileReference; lastKnownFileType = wrapper.framework; name = XCTest.framework; path = Library/Frameworks/XCTest.framework; sourceTree = DEVELOPER_DIR; };
		EED3D9E2180C5CFF00FD5B89 /* SocialSharingTests-Info.plist */ = {isa = PBXFileReference; lastKnownFileType = text.plist.xml; path = "SocialSharingTests-Info.plist"; sourceTree = "<group>"; };
		EED3D9E4180C5CFF00FD5B89 /* en */ = {isa = PBXFileReference; lastKnownFileType = text.plist.strings; name = en; path = en.lproj/InfoPlist.strings; sourceTree = "<group>"; };
		EED3D9E6180C5CFF00FD5B89 /* SocialSharingTests.m */ = {isa = PBXFileReference; lastKnownFileType = sourcecode.c.objc; path = SocialSharingTests.m; sourceTree = "<group>"; };
		EED3D9F0180C63AE00FD5B89 /* Social.framework */ = {isa = PBXFileReference; lastKnownFileType = wrapper.framework; name = Social.framework; path = System/Library/Frameworks/Social.framework; sourceTree = SDKROOT; };
/* End PBXFileReference section */

/* Begin PBXFrameworksBuildPhase section */
		EED3D9B5180C5CFF00FD5B89 /* Frameworks */ = {
			isa = PBXFrameworksBuildPhase;
			buildActionMask = 2147483647;
			files = (
				EED3D9F1180C63AE00FD5B89 /* Social.framework in Frameworks */,
				EED3D9BE180C5CFF00FD5B89 /* CoreGraphics.framework in Frameworks */,
				EED3D9C0180C5CFF00FD5B89 /* UIKit.framework in Frameworks */,
				EED3D9BC180C5CFF00FD5B89 /* Foundation.framework in Frameworks */,
			);
			runOnlyForDeploymentPostprocessing = 0;
		};
		EED3D9D6180C5CFF00FD5B89 /* Frameworks */ = {
			isa = PBXFrameworksBuildPhase;
			buildActionMask = 2147483647;
			files = (
				EED3D9DB180C5CFF00FD5B89 /* XCTest.framework in Frameworks */,
				EED3D9DD180C5CFF00FD5B89 /* UIKit.framework in Frameworks */,
				EED3D9DC180C5CFF00FD5B89 /* Foundation.framework in Frameworks */,
			);
			runOnlyForDeploymentPostprocessing = 0;
		};
/* End PBXFrameworksBuildPhase section */

/* Begin PBXGroup section */
		EED3D9AF180C5CFF00FD5B89 = {
			isa = PBXGroup;
			children = (
				EED3D9C1180C5CFF00FD5B89 /* SocialSharing */,
				EED3D9E0180C5CFF00FD5B89 /* SocialSharingTests */,
				EED3D9BA180C5CFF00FD5B89 /* Frameworks */,
				EED3D9B9180C5CFF00FD5B89 /* Products */,
			);
			sourceTree = "<group>";
			usesTabs = 1;
		};
		EED3D9B9180C5CFF00FD5B89 /* Products */ = {
			isa = PBXGroup;
			children = (
				EED3D9B8180C5CFF00FD5B89 /* SocialSharing.app */,
				EED3D9D9180C5CFF00FD5B89 /* SocialSharingTests.xctest */,
			);
			name = Products;
			sourceTree = "<group>";
		};
		EED3D9BA180C5CFF00FD5B89 /* Frameworks */ = {
			isa = PBXGroup;
			children = (
				EED3D9F0180C63AE00FD5B89 /* Social.framework */,
				EED3D9BB180C5CFF00FD5B89 /* Foundation.framework */,
				EED3D9BD180C5CFF00FD5B89 /* CoreGraphics.framework */,
				EED3D9BF180C5CFF00FD5B89 /* UIKit.framework */,
				EED3D9DA180C5CFF00FD5B89 /* XCTest.framework */,
			);
			name = Frameworks;
			sourceTree = "<group>";
		};
		EED3D9C1180C5CFF00FD5B89 /* SocialSharing */ = {
			isa = PBXGroup;
			children = (
				EED3D9CA180C5CFF00FD5B89 /* AppDelegate.h */,
				EED3D9CB180C5CFF00FD5B89 /* AppDelegate.m */,
				EED3D9CD180C5CFF00FD5B89 /* Main.storyboard */,
				EED3D9D0180C5CFF00FD5B89 /* ViewController.h */,
				EED3D9D1180C5CFF00FD5B89 /* ViewController.m */,
				EED3D9D3180C5CFF00FD5B89 /* Images.xcassets */,
				EED3D9C2180C5CFF00FD5B89 /* Supporting Files */,
			);
			path = SocialSharing;
			sourceTree = "<group>";
		};
		EED3D9C2180C5CFF00FD5B89 /* Supporting Files */ = {
			isa = PBXGroup;
			children = (
				EED3D9C3180C5CFF00FD5B89 /* SocialSharing-Info.plist */,
				EED3D9C4180C5CFF00FD5B89 /* InfoPlist.strings */,
				EED3D9C7180C5CFF00FD5B89 /* main.m */,
				EED3D9C9180C5CFF00FD5B89 /* SocialSharing-Prefix.pch */,
			);
			name = "Supporting Files";
			sourceTree = "<group>";
		};
		EED3D9E0180C5CFF00FD5B89 /* SocialSharingTests */ = {
			isa = PBXGroup;
			children = (
				EED3D9E6180C5CFF00FD5B89 /* SocialSharingTests.m */,
				EED3D9E1180C5CFF00FD5B89 /* Supporting Files */,
			);
			path = SocialSharingTests;
			sourceTree = "<group>";
		};
		EED3D9E1180C5CFF00FD5B89 /* Supporting Files */ = {
			isa = PBXGroup;
			children = (
				EED3D9E2180C5CFF00FD5B89 /* SocialSharingTests-Info.plist */,
				EED3D9E3180C5CFF00FD5B89 /* InfoPlist.strings */,
			);
			name = "Supporting Files";
			sourceTree = "<group>";
		};
/* End PBXGroup section */

/* Begin PBXNativeTarget section */
		EED3D9B7180C5CFF00FD5B89 /* SocialSharing */ = {
			isa = PBXNativeTarget;
			buildConfigurationList = EED3D9EA180C5CFF00FD5B89 /* Build configuration list for PBXNativeTarget "SocialSharing" */;
			buildPhases = (
				EED3D9B4180C5CFF00FD5B89 /* Sources */,
				EED3D9B5180C5CFF00FD5B89 /* Frameworks */,
				EED3D9B6180C5CFF00FD5B89 /* Resources */,
			);
			buildRules = (
			);
			dependencies = (
			);
			name = SocialSharing;
			productName = SocialSharing;
			productReference = EED3D9B8180C5CFF00FD5B89 /* SocialSharing.app */;
			productType = "com.apple.product-type.application";
		};
		EED3D9D8180C5CFF00FD5B89 /* SocialSharingTests */ = {
			isa = PBXNativeTarget;
			buildConfigurationList = EED3D9ED180C5CFF00FD5B89 /* Build configuration list for PBXNativeTarget "SocialSharingTests" */;
			buildPhases = (
				EED3D9D5180C5CFF00FD5B89 /* Sources */,
				EED3D9D6180C5CFF00FD5B89 /* Frameworks */,
				EED3D9D7180C5CFF00FD5B89 /* Resources */,
			);
			buildRules = (
			);
			dependencies = (
				EED3D9DF180C5CFF00FD5B89 /* PBXTargetDependency */,
			);
			name = SocialSharingTests;
			productName = SocialSharingTests;
			productReference = EED3D9D9180C5CFF00FD5B89 /* SocialSharingTests.xctest */;
			productType = "com.apple.product-type.bundle.unit-test";
		};
/* End PBXNativeTarget section */

/* Begin PBXProject section */
		EED3D9B0180C5CFF00FD5B89 /* Project object */ = {
			isa = PBXProject;
			attributes = {
				LastUpgradeCheck = 0500;
				ORGANIZATIONNAME = "Michael Girard";
				TargetAttributes = {
					EED3D9B7180C5CFF00FD5B89 = {
						DevelopmentTeam = 922A69QJGM;
					};
					EED3D9D8180C5CFF00FD5B89 = {
						TestTargetID = EED3D9B7180C5CFF00FD5B89;
					};
				};
			};
			buildConfigurationList = EED3D9B3180C5CFF00FD5B89 /* Build configuration list for PBXProject "SocialSharing" */;
			compatibilityVersion = "Xcode 3.2";
			developmentRegion = English;
			hasScannedForEncodings = 0;
			knownRegions = (
				en,
				Base,
			);
			mainGroup = EED3D9AF180C5CFF00FD5B89;
			productRefGroup = EED3D9B9180C5CFF00FD5B89 /* Products */;
			projectDirPath = "";
			projectRoot = "";
			targets = (
				EED3D9B7180C5CFF00FD5B89 /* SocialSharing */,
				EED3D9D8180C5CFF00FD5B89 /* SocialSharingTests */,
			);
		};
/* End PBXProject section */

/* Begin PBXResourcesBuildPhase section */
		EED3D9B6180C5CFF00FD5B89 /* Resources */ = {
			isa = PBXResourcesBuildPhase;
			buildActionMask = 2147483647;
			files = (
				EED3D9D4180C5CFF00FD5B89 /* Images.xcassets in Resources */,
				EED3D9C6180C5CFF00FD5B89 /* InfoPlist.strings in Resources */,
				EED3D9CF180C5CFF00FD5B89 /* Main.storyboard in Resources */,
			);
			runOnlyForDeploymentPostprocessing = 0;
		};
		EED3D9D7180C5CFF00FD5B89 /* Resources */ = {
			isa = PBXResourcesBuildPhase;
			buildActionMask = 2147483647;
			files = (
				EED3D9E5180C5CFF00FD5B89 /* InfoPlist.strings in Resources */,
			);
			runOnlyForDeploymentPostprocessing = 0;
		};
/* End PBXResourcesBuildPhase section */

/* Begin PBXSourcesBuildPhase section */
		EED3D9B4180C5CFF00FD5B89 /* Sources */ = {
			isa = PBXSourcesBuildPhase;
			buildActionMask = 2147483647;
			files = (
				EED3D9D2180C5CFF00FD5B89 /* ViewController.m in Sources */,
				EED3D9CC180C5CFF00FD5B89 /* AppDelegate.m in Sources */,
				EED3D9C8180C5CFF00FD5B89 /* main.m in Sources */,
			);
			runOnlyForDeploymentPostprocessing = 0;
		};
		EED3D9D5180C5CFF00FD5B89 /* Sources */ = {
			isa = PBXSourcesBuildPhase;
			buildActionMask = 2147483647;
			files = (
				EED3D9E7180C5CFF00FD5B89 /* SocialSharingTests.m in Sources */,
			);
			runOnlyForDeploymentPostprocessing = 0;
		};
/* End PBXSourcesBuildPhase section */

/* Begin PBXTargetDependency section */
		EED3D9DF180C5CFF00FD5B89 /* PBXTargetDependency */ = {
			isa = PBXTargetDependency;
			target = EED3D9B7180C5CFF00FD5B89 /* SocialSharing */;
			targetProxy = EED3D9DE180C5CFF00FD5B89 /* PBXContainerItemProxy */;
		};
/* End PBXTargetDependency section */

/* Begin PBXVariantGroup section */
		EED3D9C4180C5CFF00FD5B89 /* InfoPlist.strings */ = {
			isa = PBXVariantGroup;
			children = (
				EED3D9C5180C5CFF00FD5B89 /* en */,
			);
			name = InfoPlist.strings;
			sourceTree = "<group>";
		};
		EED3D9CD180C5CFF00FD5B89 /* Main.storyboard */ = {
			isa = PBXVariantGroup;
			children = (
				EED3D9CE180C5CFF00FD5B89 /* Base */,
			);
			name = Main.storyboard;
			sourceTree = "<group>";
		};
		EED3D9E3180C5CFF00FD5B89 /* InfoPlist.strings */ = {
			isa = PBXVariantGroup;
			children = (
				EED3D9E4180C5CFF00FD5B89 /* en */,
			);
			name = InfoPlist.strings;
			sourceTree = "<group>";
		};
/* End PBXVariantGroup section */

/* Begin XCBuildConfiguration section */
		EED3D9E8180C5CFF00FD5B89 /* Debug */ = {
			isa = XCBuildConfiguration;
			buildSettings = {
				ALWAYS_SEARCH_USER_PATHS = NO;
				ARCHS = "$(ARCHS_STANDARD_INCLUDING_64_BIT)";
				CLANG_CXX_LANGUAGE_STANDARD = "gnu++0x";
				CLANG_CXX_LIBRARY = "libc++";
				CLANG_ENABLE_MODULES = YES;
				CLANG_ENABLE_OBJC_ARC = YES;
				CLANG_WARN_BOOL_CONVERSION = YES;
				CLANG_WARN_CONSTANT_CONVERSION = YES;
				CLANG_WARN_DIRECT_OBJC_ISA_USAGE = YES_ERROR;
				CLANG_WARN_EMPTY_BODY = YES;
				CLANG_WARN_ENUM_CONVERSION = YES;
				CLANG_WARN_INT_CONVERSION = YES;
				CLANG_WARN_OBJC_ROOT_CLASS = YES_ERROR;
				CLANG_WARN__DUPLICATE_METHOD_MATCH = YES;
				"CODE_SIGN_IDENTITY[sdk=iphoneos*]" = "iPhone Developer";
				COPY_PHASE_STRIP = NO;
				GCC_C_LANGUAGE_STANDARD = gnu99;
				GCC_DYNAMIC_NO_PIC = NO;
				GCC_OPTIMIZATION_LEVEL = 0;
				GCC_PREPROCESSOR_DEFINITIONS = (
					"DEBUG=1",
					"$(inherited)",
				);
				GCC_SYMBOLS_PRIVATE_EXTERN = NO;
				GCC_WARN_64_TO_32_BIT_CONVERSION = YES;
				GCC_WARN_ABOUT_RETURN_TYPE = YES_ERROR;
				GCC_WARN_UNDECLARED_SELECTOR = YES;
				GCC_WARN_UNINITIALIZED_AUTOS = YES;
				GCC_WARN_UNUSED_FUNCTION = YES;
				GCC_WARN_UNUSED_VARIABLE = YES;
				IPHONEOS_DEPLOYMENT_TARGET = 7.0;
				ONLY_ACTIVE_ARCH = YES;
				SDKROOT = iphoneos;
			};
			name = Debug;
		};
		EED3D9E9180C5CFF00FD5B89 /* Release */ = {
			isa = XCBuildConfiguration;
			buildSettings = {
				ALWAYS_SEARCH_USER_PATHS = NO;
				ARCHS = "$(ARCHS_STANDARD_INCLUDING_64_BIT)";
				CLANG_CXX_LANGUAGE_STANDARD = "gnu++0x";
				CLANG_CXX_LIBRARY = "libc++";
				CLANG_ENABLE_MODULES = YES;
				CLANG_ENABLE_OBJC_ARC = YES;
				CLANG_WARN_BOOL_CONVERSION = YES;
				CLANG_WARN_CONSTANT_CONVERSION = YES;
				CLANG_WARN_DIRECT_OBJC_ISA_USAGE = YES_ERROR;
				CLANG_WARN_EMPTY_BODY = YES;
				CLANG_WARN_ENUM_CONVERSION = YES;
				CLANG_WARN_INT_CONVERSION = YES;
				CLANG_WARN_OBJC_ROOT_CLASS = YES_ERROR;
				CLANG_WARN__DUPLICATE_METHOD_MATCH = YES;
				"CODE_SIGN_IDENTITY[sdk=iphoneos*]" = "iPhone Developer";
				COPY_PHASE_STRIP = YES;
				ENABLE_NS_ASSERTIONS = NO;
				GCC_C_LANGUAGE_STANDARD = gnu99;
				GCC_WARN_64_TO_32_BIT_CONVERSION = YES;
				GCC_WARN_ABOUT_RETURN_TYPE = YES_ERROR;
				GCC_WARN_UNDECLARED_SELECTOR = YES;
				GCC_WARN_UNINITIALIZED_AUTOS = YES;
				GCC_WARN_UNUSED_FUNCTION = YES;
				GCC_WARN_UNUSED_VARIABLE = YES;
				IPHONEOS_DEPLOYMENT_TARGET = 7.0;
				SDKROOT = iphoneos;
				VALIDATE_PRODUCT = YES;
			};
			name = Release;
		};
		EED3D9EB180C5CFF00FD5B89 /* Debug */ = {
			isa = XCBuildConfiguration;
			buildSettings = {
				ASSETCATALOG_COMPILER_APPICON_NAME = AppIcon;
				ASSETCATALOG_COMPILER_LAUNCHIMAGE_NAME = LaunchImage;
				CODE_SIGN_IDENTITY = "iPhone Developer";
				GCC_PRECOMPILE_PREFIX_HEADER = YES;
				GCC_PREFIX_HEADER = "SocialSharing/SocialSharing-Prefix.pch";
				INFOPLIST_FILE = "SocialSharing/SocialSharing-Info.plist";
				PRODUCT_NAME = "$(TARGET_NAME)";
				WRAPPER_EXTENSION = app;
			};
			name = Debug;
		};
		EED3D9EC180C5CFF00FD5B89 /* Release */ = {
			isa = XCBuildConfiguration;
			buildSettings = {
				ASSETCATALOG_COMPILER_APPICON_NAME = AppIcon;
				ASSETCATALOG_COMPILER_LAUNCHIMAGE_NAME = LaunchImage;
				CODE_SIGN_IDENTITY = "iPhone Developer";
				GCC_PRECOMPILE_PREFIX_HEADER = YES;
				GCC_PREFIX_HEADER = "SocialSharing/SocialSharing-Prefix.pch";
				INFOPLIST_FILE = "SocialSharing/SocialSharing-Info.plist";
				PRODUCT_NAME = "$(TARGET_NAME)";
				WRAPPER_EXTENSION = app;
			};
			name = Release;
		};
		EED3D9EE180C5CFF00FD5B89 /* Debug */ = {
			isa = XCBuildConfiguration;
			buildSettings = {
				ARCHS = "$(ARCHS_STANDARD_INCLUDING_64_BIT)";
				BUNDLE_LOADER = "$(BUILT_PRODUCTS_DIR)/SocialSharing.app/SocialSharing";
				FRAMEWORK_SEARCH_PATHS = (
					"$(SDKROOT)/Developer/Library/Frameworks",
					"$(inherited)",
					"$(DEVELOPER_FRAMEWORKS_DIR)",
				);
				GCC_PRECOMPILE_PREFIX_HEADER = YES;
				GCC_PREFIX_HEADER = "SocialSharing/SocialSharing-Prefix.pch";
				GCC_PREPROCESSOR_DEFINITIONS = (
					"DEBUG=1",
					"$(inherited)",
				);
				INFOPLIST_FILE = "SocialSharingTests/SocialSharingTests-Info.plist";
				PRODUCT_NAME = "$(TARGET_NAME)";
				TEST_HOST = "$(BUNDLE_LOADER)";
				WRAPPER_EXTENSION = xctest;
			};
			name = Debug;
		};
		EED3D9EF180C5CFF00FD5B89 /* Release */ = {
			isa = XCBuildConfiguration;
			buildSettings = {
				ARCHS = "$(ARCHS_STANDARD_INCLUDING_64_BIT)";
				BUNDLE_LOADER = "$(BUILT_PRODUCTS_DIR)/SocialSharing.app/SocialSharing";
				FRAMEWORK_SEARCH_PATHS = (
					"$(SDKROOT)/Developer/Library/Frameworks",
					"$(inherited)",
					"$(DEVELOPER_FRAMEWORKS_DIR)",
				);
				GCC_PRECOMPILE_PREFIX_HEADER = YES;
				GCC_PREFIX_HEADER = "SocialSharing/SocialSharing-Prefix.pch";
				INFOPLIST_FILE = "SocialSharingTests/SocialSharingTests-Info.plist";
				PRODUCT_NAME = "$(TARGET_NAME)";
				TEST_HOST = "$(BUNDLE_LOADER)";
				WRAPPER_EXTENSION = xctest;
			};
			name = Release;
		};
/* End XCBuildConfiguration section */

/* Begin XCConfigurationList section */
		EED3D9B3180C5CFF00FD5B89 /* Build configuration list for PBXProject "SocialSharing" */ = {
			isa = XCConfigurationList;
			buildConfigurations = (
				EED3D9E8180C5CFF00FD5B89 /* Debug */,
				EED3D9E9180C5CFF00FD5B89 /* Release */,
			);
			defaultConfigurationIsVisible = 0;
			defaultConfigurationName = Release;
		};
		EED3D9EA180C5CFF00FD5B89 /* Build configuration list for PBXNativeTarget "SocialSharing" */ = {
			isa = XCConfigurationList;
			buildConfigurations = (
				EED3D9EB180C5CFF00FD5B89 /* Debug */,
				EED3D9EC180C5CFF00FD5B89 /* Release */,
			);
			defaultConfigurationIsVisible = 0;
		};
		EED3D9ED180C5CFF00FD5B89 /* Build configuration list for PBXNativeTarget "SocialSharingTests" */ = {
			isa = XCConfigurationList;
			buildConfigurations = (
				EED3D9EE180C5CFF00FD5B89 /* Debug */,
				EED3D9EF180C5CFF00FD5B89 /* Release */,
			);
			defaultConfigurationIsVisible = 0;
		};
/* End XCConfigurationList section */
	};
	rootObject = EED3D9B0180C5CFF00FD5B89 /* Project object */;
}
